
Microsoft Visual Studio Solution File, Format Version 12.00
# Visual Studio 15
VisualStudioVersion = 15.0.28307.1145
MinimumVisualStudioVersion = 10.0.40219.1
Project("{FAE04EC0-301F-11D3-BF4B-00C04F79EFBC}") = "FLT-XCORR", "FLT-XCORR\FLT-XCORR.csproj", "{987390CF-FC84-48C1-BC4E-44F591DF9908}"
EndProject
Global
	GlobalSection(SolutionConfigurationPlatforms) = preSolution
		Debug|Any CPU = Debug|Any CPU
		Release|Any CPU = Release|Any CPU
	EndGlobalSection
	GlobalSection(ProjectConfigurationPlatforms) = postSolution
		{987390CF-FC84-48C1-BC4E-44F591DF9908}.Debug|Any CPU.ActiveCfg = Debug|Any CPU
		{987390CF-FC84-48C1-BC4E-44F591DF9908}.Debug|Any CPU.Build.0 = Debug|Any CPU
		{987390CF-FC84-48C1-BC4E-44F591DF9908}.Release|Any CPU.ActiveCfg = Release|Any CPU
		{987390CF-FC84-48C1-BC4E-44F591DF9908}.Release|Any CPU.Build.0 = Release|Any CPU
	EndGlobalSection
	GlobalSection(SolutionProperties) = preSolution
		HideSolutionNode = FALSE
	EndGlobalSection
	GlobalSection(ExtensibilityGlobals) = postSolution
		SolutionGuid = {FC9D9638-8F10-4FFE-8CE4-89E50BABD4E0}
	EndGlobalSection
EndGlobal
